
Microsoft Visual Studio Solution File, Format Version 12.00
# Visual Studio 2012
Project("{8BC9CEB8-8B4A-11D0-8D11-00A0C91BC942}") = "字符串操作", "字符串操作\字符串操作.vcxproj", "{A363BC40-A3AC-47D9-A3CD-8A98AC7DE595}"
EndProject
Global
	GlobalSection(SolutionConfigurationPlatforms) = preSolution
		Debug|Win32 = Debug|Win32
		Release|Win32 = Release|Win32
	EndGlobalSection
	GlobalSection(ProjectConfigurationPlatforms) = postSolution
		{A363BC40-A3AC-47D9-A3CD-8A98AC7DE595}.Debug|Win32.ActiveCfg = Debug|Win32
		{A363BC40-A3AC-47D9-A3CD-8A98AC7DE595}.Debug|Win32.Build.0 = Debug|Win32
		{A363BC40-A3AC-47D9-A3CD-8A98AC7DE595}.Release|Win32.ActiveCfg = Release|Win32
		{A363BC40-A3AC-47D9-A3CD-8A98AC7DE595}.Release|Win32.Build.0 = Release|Win32
	EndGlobalSection
	GlobalSection(SolutionProperties) = preSolution
		HideSolutionNode = FALSE
	EndGlobalSection
	GlobalSection(Performance) = preSolution
		HasPerformanceSessions = true
	EndGlobalSection
EndGlobal
