
Microsoft Visual Studio Solution File, Format Version 12.00
# Visual Studio 2012
Project("{8BC9CEB8-8B4A-11D0-8D11-00A0C91BC942}") = "ConsoleApplication1", "ConsoleApplication1\ConsoleApplication1.vcxproj", "{0B284B82-A545-427F-B59D-3545655B14FA}"
EndProject
Project("{8BC9CEB8-8B4A-11D0-8D11-00A0C91BC942}") = "ConsoleApplication22", "..\ConsoleApplication22\ConsoleApplication22\ConsoleApplication22.vcxproj", "{A9E1EDAE-0771-4B9D-B2DD-0E72E2925060}"
EndProject
Global
	GlobalSection(SolutionConfigurationPlatforms) = preSolution
		Debug|Win32 = Debug|Win32
		Release|Win32 = Release|Win32
	EndGlobalSection
	GlobalSection(ProjectConfigurationPlatforms) = postSolution
		{0B284B82-A545-427F-B59D-3545655B14FA}.Debug|Win32.ActiveCfg = Debug|Win32
		{0B284B82-A545-427F-B59D-3545655B14FA}.Debug|Win32.Build.0 = Debug|Win32
		{0B284B82-A545-427F-B59D-3545655B14FA}.Release|Win32.ActiveCfg = Release|Win32
		{0B284B82-A545-427F-B59D-3545655B14FA}.Release|Win32.Build.0 = Release|Win32
		{A9E1EDAE-0771-4B9D-B2DD-0E72E2925060}.Debug|Win32.ActiveCfg = Debug|Win32
		{A9E1EDAE-0771-4B9D-B2DD-0E72E2925060}.Debug|Win32.Build.0 = Debug|Win32
		{A9E1EDAE-0771-4B9D-B2DD-0E72E2925060}.Release|Win32.ActiveCfg = Release|Win32
		{A9E1EDAE-0771-4B9D-B2DD-0E72E2925060}.Release|Win32.Build.0 = Release|Win32
	EndGlobalSection
	GlobalSection(SolutionProperties) = preSolution
		HideSolutionNode = FALSE
	EndGlobalSection
	GlobalSection(Performance) = preSolution
		HasPerformanceSessions = true
	EndGlobalSection
EndGlobal
